
Microsoft Visual Studio Solution File, Format Version 12.00
# Visual Studio Version 17
VisualStudioVersion = 17.0.32112.339
MinimumVisualStudioVersion = 10.0.40219.1
Project("{9A19103F-16F7-4668-BE54-9A1E7A4F7556}") = "School Project", "School Project\School Project.csproj", "{D35F30BB-07D0-4710-9684-D499D8AF5244}"
EndProject
Project("{54435603-DBB4-11D2-8724-00A0C9A8B90C}") = "School Management", "School Management\School Management.vdproj", "{539E686D-620B-42B6-A19D-52557D82D73F}"
EndProject
Global
	GlobalSection(SolutionConfigurationPlatforms) = preSolution
		Debug|Any CPU = Debug|Any CPU
		Release|Any CPU = Release|Any CPU
	EndGlobalSection
	GlobalSection(ProjectConfigurationPlatforms) = postSolution
		{D35F30BB-07D0-4710-9684-D499D8AF5244}.Debug|Any CPU.ActiveCfg = Debug|Any CPU
		{D35F30BB-07D0-4710-9684-D499D8AF5244}.Debug|Any CPU.Build.0 = Debug|Any CPU
		{D35F30BB-07D0-4710-9684-D499D8AF5244}.Release|Any CPU.ActiveCfg = Release|Any CPU
		{D35F30BB-07D0-4710-9684-D499D8AF5244}.Release|Any CPU.Build.0 = Release|Any CPU
		{539E686D-620B-42B6-A19D-52557D82D73F}.Debug|Any CPU.ActiveCfg = Debug
		{539E686D-620B-42B6-A19D-52557D82D73F}.Release|Any CPU.ActiveCfg = Release
	EndGlobalSection
	GlobalSection(SolutionProperties) = preSolution
		HideSolutionNode = FALSE
	EndGlobalSection
	GlobalSection(ExtensibilityGlobals) = postSolution
		SolutionGuid = {2B7D567A-5EFC-4EDA-84F9-FE888C53CF2D}
	EndGlobalSection
EndGlobal
